
Microsoft Visual Studio Solution File, Format Version 12.00
# Visual Studio Version 16
VisualStudioVersion = 16.0.30523.141
MinimumVisualStudioVersion = 10.0.40219.1
Project("{FAE04EC0-301F-11D3-BF4B-00C04F79EFBC}") = "FuncaoSegundoGrau.app", "FuncaoSegundoGrau.app\FuncaoSegundoGrau.app.csproj", "{EAF68A8A-18E5-48D8-982C-FBDA3F24603B}"
EndProject
Global
	GlobalSection(SolutionConfigurationPlatforms) = preSolution
		Debug|Any CPU = Debug|Any CPU
		Release|Any CPU = Release|Any CPU
	EndGlobalSection
	GlobalSection(ProjectConfigurationPlatforms) = postSolution
		{EAF68A8A-18E5-48D8-982C-FBDA3F24603B}.Debug|Any CPU.ActiveCfg = Debug|Any CPU
		{EAF68A8A-18E5-48D8-982C-FBDA3F24603B}.Debug|Any CPU.Build.0 = Debug|Any CPU
		{EAF68A8A-18E5-48D8-982C-FBDA3F24603B}.Release|Any CPU.ActiveCfg = Release|Any CPU
		{EAF68A8A-18E5-48D8-982C-FBDA3F24603B}.Release|Any CPU.Build.0 = Release|Any CPU
	EndGlobalSection
	GlobalSection(SolutionProperties) = preSolution
		HideSolutionNode = FALSE
	EndGlobalSection
	GlobalSection(ExtensibilityGlobals) = postSolution
		SolutionGuid = {11FC5C2E-E079-469C-AFFD-BE1CF5766FF0}
	EndGlobalSection
EndGlobal
